
Microsoft Visual Studio Solution File, Format Version 12.00
# Visual Studio Version 16
VisualStudioVersion = 16.0.29324.140
MinimumVisualStudioVersion = 10.0.40219.1
Project("{FAE04EC0-301F-11D3-BF4B-00C04F79EFBC}") = "MoodDemo", "MoodDemo\MoodDemo.csproj", "{1A787B63-8E9A-4880-A002-2D5D9B46BB7F}"
EndProject
Project("{FAE04EC0-301F-11D3-BF4B-00C04F79EFBC}") = "InheritanceDemo", "InheritanceDemo\InheritanceDemo.csproj", "{88EADF9A-ED30-496E-902E-DB585D51BC9B}"
EndProject
Project("{FAE04EC0-301F-11D3-BF4B-00C04F79EFBC}") = "ShapeDemo", "ShapeDemo\ShapeDemo.csproj", "{8243A8C9-6DE9-47DB-BEA5-51FFBFB23889}"
EndProject
Global
	GlobalSection(SolutionConfigurationPlatforms) = preSolution
		Debug|Any CPU = Debug|Any CPU
		Release|Any CPU = Release|Any CPU
	EndGlobalSection
	GlobalSection(ProjectConfigurationPlatforms) = postSolution
		{1A787B63-8E9A-4880-A002-2D5D9B46BB7F}.Debug|Any CPU.ActiveCfg = Debug|Any CPU
		{1A787B63-8E9A-4880-A002-2D5D9B46BB7F}.Debug|Any CPU.Build.0 = Debug|Any CPU
		{1A787B63-8E9A-4880-A002-2D5D9B46BB7F}.Release|Any CPU.ActiveCfg = Release|Any CPU
		{1A787B63-8E9A-4880-A002-2D5D9B46BB7F}.Release|Any CPU.Build.0 = Release|Any CPU
		{88EADF9A-ED30-496E-902E-DB585D51BC9B}.Debug|Any CPU.ActiveCfg = Debug|Any CPU
		{88EADF9A-ED30-496E-902E-DB585D51BC9B}.Debug|Any CPU.Build.0 = Debug|Any CPU
		{88EADF9A-ED30-496E-902E-DB585D51BC9B}.Release|Any CPU.ActiveCfg = Release|Any CPU
		{88EADF9A-ED30-496E-902E-DB585D51BC9B}.Release|Any CPU.Build.0 = Release|Any CPU
		{8243A8C9-6DE9-47DB-BEA5-51FFBFB23889}.Debug|Any CPU.ActiveCfg = Debug|Any CPU
		{8243A8C9-6DE9-47DB-BEA5-51FFBFB23889}.Debug|Any CPU.Build.0 = Debug|Any CPU
		{8243A8C9-6DE9-47DB-BEA5-51FFBFB23889}.Release|Any CPU.ActiveCfg = Release|Any CPU
		{8243A8C9-6DE9-47DB-BEA5-51FFBFB23889}.Release|Any CPU.Build.0 = Release|Any CPU
	EndGlobalSection
	GlobalSection(SolutionProperties) = preSolution
		HideSolutionNode = FALSE
	EndGlobalSection
	GlobalSection(ExtensibilityGlobals) = postSolution
		SolutionGuid = {B37F1778-87E9-4518-B845-9F78C11BDDB4}
	EndGlobalSection
EndGlobal
